#MicroXplorer Configuration settings - do not modify
Mcu.Family=STM32F1
ProjectManager.MainLocation=Src
NVIC.ADC1_2_IRQn=true\:5\:0\:false\:false\:true\:true\:true\:true
RCC.MCOFreq_Value=72000000
SH.S_TIM4_CH2.ConfNb=1
USB_DEVICE.CLASS_NAME_FS=CDC
NVIC.DMA1_Channel5_IRQn=true\:5\:0\:false\:false\:true\:true\:false\:true
ProjectManager.KeepUserCode=true
Mcu.UserName=STM32F103C8Tx
ADC1.ContinuousConvMode=DISABLE
USART1.BaudRate=9600
RCC.PLLCLKFreq_Value=72000000
PC13-TAMPER-RTC.GPIOParameters=GPIO_Label
PB14.GPIO_Label=BUTTON
ProjectManager.functionlistsort=1-MX_GPIO_Init-GPIO-false-HAL-true,2-SystemClock_Config-RCC-false-HAL-false,3-MX_ADC1_Init-ADC1-false-HAL-true,4-MX_TIM2_Init-TIM2-false-HAL-true,5-MX_USB_DEVICE_Init-USB_DEVICE-false-HAL-false,6-MX_TIM3_Init-TIM3-false-HAL-true,7-MX_DMA_Init-DMA-false-HAL-true,8-MX_USART1_UART_Init-USART1-false-HAL-true,9-MX_TIM4_Init-TIM4-false-HAL-true
PA11.Mode=Device
RCC.ADCFreqValue=12000000
PA6.GPIO_Label=MOT_IRA
PB0.GPIO_Label=BQ24070_STAT2
NVIC.TIM1_UP_IRQn=true\:0\:0\:false\:false\:true\:false\:false\:true
TIM2.Channel-PWM\ Generation2\ CH2=TIM_CHANNEL_2
USART1.IPParameters=VirtualMode,BaudRate
USB.lpm_enable=DISABLE
PB15.Signal=GPIO_Input
PA2.GPIOParameters=GPIO_Label
PinOutPanel.RotationAngle=0
RCC.SYSCLKSource=RCC_SYSCLKSOURCE_PLLCLK
ProjectManager.StackSize=0x400
PB5.GPIOParameters=PinState,GPIO_PuPd,GPIO_Label
PD1-OSC_OUT.Signal=RCC_OSC_OUT
VP_TIM2_VS_ClockSourceITR.Mode=TriggerSource_ITR0
Mcu.IP4=RCC
RCC.FCLKCortexFreq_Value=72000000
Mcu.IP5=SYS
USB_DEVICE.MANUFACTURER_STRING=Noone
Mcu.IP2=FREERTOS
NVIC.SVCall_IRQn=true\:0\:0\:false\:false\:false\:false\:false\:false
Mcu.IP3=NVIC
PA15.GPIO_Label=FLOOR_IRB
PB4.GPIOParameters=GPIO_Label
Mcu.IP0=ADC1
Mcu.IP1=DMA
PA12.Signal=USB_DP
Mcu.UserConstants=
SH.S_TIM3_CH2.ConfNb=1
Mcu.ThirdPartyNb=0
PB1.GPIO_PuPd=GPIO_PULLUP
RCC.HCLKFreq_Value=72000000
Mcu.IPNb=12
TIM2.IPParameters=Period,Channel-PWM Generation2 CH2,Channel-PWM Generation3 CH3,OCFastMode_PWM-PWM Generation2 CH2,OCFastMode_PWM-PWM Generation3 CH3,Prescaler,AutoReloadPreload
ProjectManager.PreviousToolchain=TrueSTUDIO
RCC.APB2TimFreq_Value=72000000
TIM3.Period=11999
PB5.PinState=GPIO_PIN_SET
PA8.GPIOParameters=GPIO_Label
Mcu.Pin6=PA2
VP_TIM2_VS_ClockSourceINT.Signal=TIM2_VS_ClockSourceINT
Mcu.Pin7=PA4
Mcu.Pin8=PA5
Mcu.Pin9=PA6
FREERTOS.IPParameters=Tasks01,FootprintOK,Mutexes01,configTOTAL_HEAP_SIZE
RCC.AHBFreq_Value=72000000
Dma.USART1_RX.0.Priority=DMA_PRIORITY_LOW
Mcu.Pin0=PC13-TAMPER-RTC
Mcu.Pin1=PC14-OSC32_IN
Mcu.Pin2=PD0-OSC_IN
Mcu.Pin3=PD1-OSC_OUT
TIM3.ClockDivision=TIM_CLOCKDIVISION_DIV1
PA0-WKUP.GPIOParameters=GPIO_Label
Mcu.Pin4=PA0-WKUP
Mcu.Pin5=PA1
ProjectManager.ProjectBuild=false
TIM3.Channel-Input_Capture1_from_TI1=TIM_CHANNEL_1
NVIC.UsageFault_IRQn=true\:0\:0\:false\:false\:true\:false\:false\:false
NVIC.DebugMonitor_IRQn=true\:0\:0\:false\:false\:true\:false\:false\:false
PB2.Signal=GPIO_Output
PA8.Locked=true
PA4.Locked=true
Mcu.IP10=USB
NVIC.SysTick_IRQn=true\:15\:0\:false\:false\:false\:true\:false\:false
RCC.PLLMUL=RCC_PLL_MUL9
Mcu.IP11=USB_DEVICE
ProjectManager.FirmwarePackage=STM32Cube FW_F1 V1.8.0
MxDb.Version=DB.5.0.60
PB0.GPIOParameters=GPIO_PuPd,GPIO_Label
PA1.GPIOParameters=GPIO_Label
ProjectManager.BackupPrevious=false
PA14.Mode=Serial_Wire
VP_SYS_VS_tim1.Mode=TIM1
TIM3.Prescaler=5999
PB1.GPIO_Label=BQ24070_STAT1
NVIC.TIM2_IRQn=true\:5\:0\:false\:false\:true\:true\:true\:true
File.Version=6
PB8.PinState=GPIO_PIN_SET
SH.S_TIM4_CH2.0=TIM4_CH2,PWM Generation2 CH2
PB7.Signal=S_TIM4_CH2
PA8.Signal=GPIO_Output
PB8.Locked=true
SH.ADCx_IN0.0=ADC1_IN0,IN0
NVIC.PendSV_IRQn=true\:15\:0\:false\:false\:false\:true\:false\:false
SH.S_TIM3_CH1.0=TIM3_CH1,Input_Capture1_from_TI1
TIM4.Period=8000
VP_FREERTOS_VS_CMSIS_V1.Mode=CMSIS_V1
Dma.USART1_RX.0.MemInc=DMA_MINC_ENABLE
Dma.RequestsNb=1
ProjectManager.HalAssertFull=false
PB0.Locked=true
FREERTOS.configTOTAL_HEAP_SIZE=10240
PC14-OSC32_IN.GPIOParameters=GPIO_Label
ProjectManager.ProjectName=noahFirmware
RCC.PLLMCOFreq_Value=36000000
PB7.GPIO_Label=SERVO_PWM
Mcu.Package=LQFP48
TIM2.Prescaler=99
PB14.GPIO_PuPd=GPIO_PULLDOWN
PB1.Signal=GPIO_Input
PA6.Signal=S_TIM3_CH1
PA7.Locked=true
PA5.Locked=true
NVIC.TimeBase=TIM1_UP_IRQn
ProjectManager.ToolChainLocation=
PA2.GPIO_Label=PWMB
Dma.USART1_RX.0.RequestParameters=Instance,Direction,PeriphInc,MemInc,PeriphDataAlignment,MemDataAlignment,Mode,Priority
NVIC.TimeBaseIP=TIM1
PA10.Signal=USART1_RX
FREERTOS.FootprintOK=false
PA15.Signal=GPIO_Input
VP_USB_DEVICE_VS_USB_DEVICE_CDC_FS.Signal=USB_DEVICE_VS_USB_DEVICE_CDC_FS
PA5.GPIOParameters=GPIO_Label
PB14.GPIOParameters=GPIO_PuPd,GPIO_Label
PB5.GPIO_Label=EN_5V
RCC.APB1TimFreq_Value=72000000
NVIC.BusFault_IRQn=true\:0\:0\:false\:false\:true\:false\:false\:false
Dma.USART1_RX.0.Mode=DMA_CIRCULAR
PC14-OSC32_IN.GPIO_Label=RED_LED
Dma.Request0=USART1_RX
PA4.GPIO_Label=MOTB1
Dma.USART1_RX.0.Instance=DMA1_Channel5
ProjectManager.CustomerFirmwarePackage=
VP_TIM3_VS_ClockSourceINT.Mode=Internal
PC14-OSC32_IN.Locked=true
PB15.Locked=true
PB4.Signal=GPIO_Output
PA2.Locked=true
PA6.GPIOParameters=GPIO_Label
RCC.PLLSourceVirtual=RCC_PLLSOURCE_HSE
ProjectManager.ProjectFileName=noahFirmware.ioc
TIM4.AutoReloadPreload=TIM_AUTORELOAD_PRELOAD_ENABLE
FREERTOS.Tasks01=StartTask,0,128,start_tsk,Default,NULL,Dynamic,NULL,NULL;PowerManagement,-1,400,PowerMgmt_tsk,Default,NULL,Dynamic,NULL,NULL;Button,0,256,Button_tsk,Default,NULL,Dynamic,NULL,NULL;Battery,-2,128,Battery_tsk,Default,NULL,Dynamic,NULL,NULL;MotionControl,0,256,Motion_tsk,Default,NULL,Dynamic,NULL,NULL;UARTComms,0,512,Uart_tsk,Default,NULL,Dynamic,NULL,NULL;IRFloor,0,128,Ir_floor_tsk,Default,NULL,Dynamic,NULL,NULL;MotionIR,0,256,MotionIR_tsk,Default,NULL,Dynamic,NULL,NULL
PB8.GPIOParameters=PinState,GPIO_PuPd,GPIO_Label
PD1-OSC_OUT.Mode=HSE-External-Oscillator
Dma.USART1_RX.0.PeriphDataAlignment=DMA_PDATAALIGN_BYTE
TIM3.Channel-Input_Capture2_from_TI2=TIM_CHANNEL_2
PA10.Mode=Asynchronous
PA15.GPIOParameters=GPIO_Label
Mcu.PinsNb=35
TIM3.AutoReloadPreload=TIM_AUTORELOAD_PRELOAD_ENABLE
ProjectManager.NoMain=false
USB_DEVICE.VirtualModeFS=Cdc_FS
ADC1.IPParameters=master,ContinuousConvMode,EnableRegularConversion
PB8.GPIO_PuPd=GPIO_PULLDOWN
PC13-TAMPER-RTC.Signal=GPIO_Output
RCC.USBPrescaler=RCC_USBCLKSOURCE_PLL_DIV1_5
ProjectManager.DefaultFWLocation=true
USB.IPParameters=low_power_enable,lpm_enable
PD0-OSC_IN.Signal=RCC_OSC_IN
ProjectManager.DeletePrevious=true
PB14.Locked=true
RCC.APB1CLKDivider=RCC_HCLK_DIV2
PC14-OSC32_IN.Signal=GPIO_Output
USB_DEVICE.IPParameters=VirtualMode,VirtualModeFS,CLASS_NAME_FS,MANUFACTURER_STRING,PRODUCT_STRING_CDC_FS
RCC.FamilyName=M
PA0-WKUP.GPIO_Label=BAT
PA0-WKUP.Signal=ADCx_IN0
PA0-WKUP.Locked=true
RCC.ADCPresc=RCC_ADCPCLK2_DIV6
PA13.Signal=SYS_JTMS-SWDIO
VP_FREERTOS_VS_CMSIS_V1.Signal=FREERTOS_VS_CMSIS_V1
PB8.GPIO_Label=EN_6V
SH.S_TIM2_CH2.0=TIM2_CH2,PWM Generation2 CH2
PA15.Locked=true
PA9.Mode=Asynchronous
PA8.GPIO_Label=MOTA1
VP_TIM4_VS_ClockSourceINT.Signal=TIM4_VS_ClockSourceINT
ProjectManager.TargetToolchain=Makefile
TIM4.IPParameters=Channel-PWM Generation2 CH2,ClockDivision,AutoReloadPreload,Prescaler,Period
USB_DEVICE.PRODUCT_STRING_CDC_FS=Noah robot
PB7.GPIOParameters=GPIO_Label
Dma.USART1_RX.0.Direction=DMA_PERIPH_TO_MEMORY
VP_USB_DEVICE_VS_USB_DEVICE_CDC_FS.Mode=CDC_FS
PB2.GPIOParameters=GPIO_Label
PA9.Signal=USART1_TX
SH.S_TIM2_CH2.ConfNb=1
PB5.Locked=true
VP_TIM2_VS_ClockSourceITR.Signal=TIM2_VS_ClockSourceITR
PC13-TAMPER-RTC.Locked=true
RCC.USBFreq_Value=48000000
TIM2.OCFastMode_PWM-PWM\ Generation3\ CH3=TIM_OCFAST_ENABLE
VP_TIM3_VS_ClockSourceINT.Signal=TIM3_VS_ClockSourceINT
TIM4.Prescaler=999
PA1.Signal=S_TIM2_CH2
Dma.USART1_RX.0.PeriphInc=DMA_PINC_DISABLE
PB1.Locked=true
PD0-OSC_IN.Mode=HSE-External-Oscillator
PB14.Signal=GPIO_Input
PA5.Signal=GPIO_Output
SH.S_TIM3_CH2.0=TIM3_CH2,Input_Capture2_from_TI2
board=custom
ProjectManager.LastFirmware=true
PC13-TAMPER-RTC.GPIO_Label=GREEN_LED
USB.low_power_enable=DISABLE
NVIC.TIM3_IRQn=true\:5\:0\:false\:false\:true\:true\:true\:true
RCC.VCOOutput2Freq_Value=8000000
TIM4.Channel-PWM\ Generation2\ CH2=TIM_CHANNEL_2
RCC.APB2Freq_Value=72000000
MxCube.Version=5.6.0
PB4.GPIO_Label=MOTA2
TIM4.ClockDivision=TIM_CLOCKDIVISION_DIV4
PB15.GPIO_Label=FLOOR_IRF
VP_TIM2_VS_ClockSourceINT.Mode=Internal
SH.S_TIM2_CH3.0=TIM2_CH3,PWM Generation3 CH3
VP_SYS_VS_tim1.Signal=SYS_VS_tim1
SH.ADCx_IN0.ConfNb=1
NVIC.USB_LP_CAN1_RX0_IRQn=true\:5\:0\:false\:false\:true\:true\:false\:true
Mcu.Pin30=VP_TIM2_VS_ClockSourceINT
PA1.GPIO_Label=PWMA
TIM2.Channel-PWM\ Generation3\ CH3=TIM_CHANNEL_3
TIM3.ICPolarity_CH1=TIM_INPUTCHANNELPOLARITY_FALLING
Mcu.Pin33=VP_TIM4_VS_ClockSourceINT
TIM3.IPParameters=AutoReloadPreload,Prescaler,ClockDivision,Period,Channel-Input_Capture1_from_TI1,ICPolarity_CH1,Channel-Input_Capture2_from_TI2
Mcu.Pin34=VP_USB_DEVICE_VS_USB_DEVICE_CDC_FS
Dma.USART1_RX.0.MemDataAlignment=DMA_MDATAALIGN_BYTE
Mcu.Pin31=VP_TIM2_VS_ClockSourceITR
Mcu.Pin32=VP_TIM3_VS_ClockSourceINT
NVIC.NonMaskableInt_IRQn=true\:0\:0\:false\:false\:true\:false\:false\:false
SH.S_TIM2_CH3.ConfNb=1
PA4.GPIOParameters=GPIO_Label
TIM2.Period=71
PB15.GPIOParameters=GPIO_Label
PA13.Mode=Serial_Wire
ProjectManager.FreePins=false
RCC.IPParameters=ADCFreqValue,ADCPresc,AHBFreq_Value,APB1CLKDivider,APB1Freq_Value,APB1TimFreq_Value,APB2Freq_Value,APB2TimFreq_Value,FCLKCortexFreq_Value,FamilyName,HCLKFreq_Value,MCOFreq_Value,PLLCLKFreq_Value,PLLMCOFreq_Value,PLLMUL,PLLSourceVirtual,SYSCLKFreq_VALUE,SYSCLKSource,TimSysFreq_Value,USBFreq_Value,USBPrescaler,VCOOutput2Freq_Value
ProjectManager.AskForMigrate=true
Mcu.Name=STM32F103C(8-B)Tx
Mcu.Pin26=PB7
Mcu.Pin27=PB8
PA2.Signal=S_TIM2_CH3
Mcu.Pin24=PB4
ProjectManager.UnderRoot=false
Mcu.Pin25=PB5
PB2.Locked=true
Mcu.IP8=TIM4
Mcu.IP9=USART1
Mcu.Pin28=VP_FREERTOS_VS_CMSIS_V1
Mcu.IP6=TIM2
Mcu.Pin29=VP_SYS_VS_tim1
Mcu.IP7=TIM3
ProjectManager.CoupleFile=true
PB4.Locked=true
PA4.Signal=GPIO_Output
RCC.SYSCLKFreq_VALUE=72000000
Mcu.Pin22=PA14
PB5.Signal=GPIO_Output
Mcu.Pin23=PA15
RCC.TimSysFreq_Value=72000000
PA1.Locked=true
PA7.GPIO_Label=MOT_IRB
Mcu.Pin20=PA12
ADC1.master=1
Mcu.Pin21=PA13
PA12.Mode=Device
PA5.GPIO_Label=MOTB2
NVIC.ForceEnableDMAVector=true
KeepUserPlacement=false
PB5.GPIO_PuPd=GPIO_PULLDOWN
NVIC.MemoryManagement_IRQn=true\:0\:0\:false\:false\:true\:false\:false\:false
USART1.VirtualMode=VM_ASYNC
ProjectManager.CompilerOptimize=6
PA11.Signal=USB_DM
PA14.Signal=SYS_JTCK-SWCLK
PB2.GPIO_Label=BQ24070_MODE
ProjectManager.HeapSize=0x200
Mcu.Pin15=PB15
NVIC.HardFault_IRQn=true\:0\:0\:false\:false\:true\:false\:false\:false
Mcu.Pin16=PA8
Mcu.Pin13=PB2
Mcu.Pin14=PB14
Mcu.Pin19=PA11
SH.S_TIM3_CH1.ConfNb=1
ProjectManager.ComputerToolchain=false
Mcu.Pin17=PA9
Mcu.Pin18=PA10
VP_TIM4_VS_ClockSourceINT.Mode=Internal
FREERTOS.Mutexes01=led_mutex,Dynamic,NULL
NVIC.PriorityGroup=NVIC_PRIORITYGROUP_4
Mcu.Pin11=PB0
Mcu.Pin12=PB1
Mcu.Pin10=PA7
PB7.Locked=true
ADC1.EnableRegularConversion=DISABLE
PB8.Signal=GPIO_Output
TIM2.OCFastMode_PWM-PWM\ Generation2\ CH2=TIM_OCFAST_ENABLE
TIM2.AutoReloadPreload=TIM_AUTORELOAD_PRELOAD_ENABLE
RCC.APB1Freq_Value=36000000
PB0.Signal=GPIO_Input
USB_DEVICE.VirtualMode=Cdc
PA7.GPIOParameters=GPIO_Label
ProjectManager.DeviceId=STM32F103C8Tx
ProjectManager.LibraryCopy=1
PB0.GPIO_PuPd=GPIO_PULLUP
PB1.GPIOParameters=GPIO_PuPd,GPIO_Label
PA7.Signal=S_TIM3_CH2
PA6.Locked=true
